<?xml version="1.0" encoding="UTF-8" standalone="yes" ?>
<CodeBlocks_project_file>
	<FileVersion major="1" minor="6" />
	<Project>
		<Option title="Siam" />
		<Option pch_mode="2" />
		<Option compiler="gcc" />
		<Build>
			<Target title="Debug">
				<Option output="bin/Debug/Siam" prefix_auto="1" extension_auto="1" />
				<Option object_output="obj/Debug/" />
				<Option type="1" />
				<Option compiler="gcc" />
				<Compiler>
					<Add option="-Wextra" />
					<Add option="-std=c++11" />
					<Add option="-g" />
				</Compiler>
				<Linker>
					<Add library="libm.a" />
					<Add library="libloadpng.a" />
					<Add library="png.dll" />
					<Add library="libjpgalleg.a" />
					<Add library="lib/dui/libdui.a" />
					<Add library="alleg44.dll" />
				</Linker>
			</Target>
			<Target title="Release">
				<Option output="bin/Release/Siam" prefix_auto="1" extension_auto="1" />
				<Option object_output="obj/Release/" />
				<Option type="1" />
				<Option compiler="gcc" />
				<Compiler>
					<Add option="-O2" />
				</Compiler>
				<Linker>
					<Add option="-s" />
				</Linker>
			</Target>
		</Build>
		<Compiler>
			<Add option="-Wextra" />
			<Add option="-Wall" />
			<Add option="-std=c++11" />
			<Add option="-fexceptions" />
			<Add directory="lib/fmod/inc/" />
		</Compiler>
		<Linker>
			<Add library="lib/fmod/libfmod.a" />
		</Linker>
		<Unit filename="allegro/circularmenu.cpp" />
		<Unit filename="allegro/circularmenu.hpp" />
		<Unit filename="allegro/popup.cpp" />
		<Unit filename="allegro/popup.hpp" />
		<Unit filename="cli/cli.cpp" />
		<Unit filename="cli/cli.hpp" />
		<Unit filename="cli/menu/menu.cpp" />
		<Unit filename="cli/menu/menu.hpp" />
		<Unit filename="main.cpp" />
		<Unit filename="siam/game.cpp" />
		<Unit filename="siam/inc/exceptions/cancel_action" />
		<Unit filename="siam/inc/exceptions/exceptions.hpp" />
		<Unit filename="siam/inc/exceptions/exit_game" />
		<Unit filename="siam/inc/exceptions/invalid_move" />
		<Unit filename="siam/inc/exceptions/invalid_object_type" />
		<Unit filename="siam/inc/exceptions/stack_empty" />
		<Unit filename="siam/inc/exceptions/stack_full" />
		<Unit filename="siam/inc/game.hpp" />
		<Unit filename="siam/inc/matrix.hpp" />
		<Unit filename="siam/inc/matrixs/direction.hpp" />
		<Unit filename="siam/inc/object.hpp" />
		<Unit filename="siam/inc/objects/elephant.hpp" />
		<Unit filename="siam/inc/objects/entity.hpp" />
		<Unit filename="siam/inc/objects/mountain.hpp" />
		<Unit filename="siam/inc/objects/rhinoceros.hpp" />
		<Unit filename="siam/inc/objects/types/type.hpp" />
		<Unit filename="siam/inc/player.hpp" />
		<Unit filename="siam/inc/ui/audio/FMOD.hpp" />
		<Unit filename="siam/inc/ui/games/gameallegroui.hpp" />
		<Unit filename="siam/inc/ui/games/gamecliui.hpp" />
		<Unit filename="siam/inc/ui/gameui.hpp" />
		<Unit filename="siam/inc/ui/main/mainallegroui.hpp" />
		<Unit filename="siam/inc/ui/main/maincliui.hpp" />
		<Unit filename="siam/matrix.cpp" />
		<Unit filename="siam/matrixs/direction.cpp" />
		<Unit filename="siam/object.cpp" />
		<Unit filename="siam/objects/elephant.cpp" />
		<Unit filename="siam/objects/entity.cpp" />
		<Unit filename="siam/objects/mountain.cpp" />
		<Unit filename="siam/objects/rhinoceros.cpp" />
		<Unit filename="siam/player.cpp" />
		<Unit filename="siam/ui/audio/FMOD.cpp" />
		<Unit filename="siam/ui/games/gameallegroui.cpp" />
		<Unit filename="siam/ui/games/gamecliui.cpp" />
		<Unit filename="siam/ui/main/mainallegroui.cpp" />
		<Unit filename="siam/ui/main/maincliui.cpp" />
		<Extensions>
			<code_completion />
			<envvars />
			<debugger />
		</Extensions>
	</Project>
</CodeBlocks_project_file>
